
Microsoft Visual Studio Solution File, Format Version 12.00
# Visual Studio Version 17
VisualStudioVersion = 17.6.33723.286
MinimumVisualStudioVersion = 10.0.40219.1
Project("{FAE04EC0-301F-11D3-BF4B-00C04F79EFBC}") = "Day4B_BasicPracticProgram", "Day4B_BasicPracticProgram\Day4B_BasicPracticProgram.csproj", "{AA769A9C-D570-4B1D-9F80-3D37DDBA7CD8}"
EndProject
Global
	GlobalSection(SolutionConfigurationPlatforms) = preSolution
		Debug|Any CPU = Debug|Any CPU
		Release|Any CPU = Release|Any CPU
	EndGlobalSection
	GlobalSection(ProjectConfigurationPlatforms) = postSolution
		{AA769A9C-D570-4B1D-9F80-3D37DDBA7CD8}.Debug|Any CPU.ActiveCfg = Debug|Any CPU
		{AA769A9C-D570-4B1D-9F80-3D37DDBA7CD8}.Debug|Any CPU.Build.0 = Debug|Any CPU
		{AA769A9C-D570-4B1D-9F80-3D37DDBA7CD8}.Release|Any CPU.ActiveCfg = Release|Any CPU
		{AA769A9C-D570-4B1D-9F80-3D37DDBA7CD8}.Release|Any CPU.Build.0 = Release|Any CPU
	EndGlobalSection
	GlobalSection(SolutionProperties) = preSolution
		HideSolutionNode = FALSE
	EndGlobalSection
	GlobalSection(ExtensibilityGlobals) = postSolution
		SolutionGuid = {7659887C-8650-4760-9B4F-1DD8E7982ADF}
	EndGlobalSection
EndGlobal
